
Microsoft Visual Studio Solution File, Format Version 12.00
# Visual Studio Version 17
VisualStudioVersion = 17.11.35222.181
MinimumVisualStudioVersion = 10.0.40219.1
Project("{2150E333-8FDC-42A3-9474-1A3956D46DE8}") = "Services", "Services", "{CCD97097-075C-4A07-B2DF-44D0263C5B00}"
EndProject
Project("{2150E333-8FDC-42A3-9474-1A3956D46DE8}") = "Catalog", "Catalog", "{769DAB24-5F8F-414E-ADE7-34CD56E06F3C}"
EndProject
Project("{9A19103F-16F7-4668-BE54-9A1E7A4F7556}") = "MultiShop.Catalog", "Services\Catalog\MultiShop.Catalog\MultiShop.Catalog.csproj", "{5BF5895D-28F0-45C5-A999-BC735F808FB1}"
EndProject
Project("{2150E333-8FDC-42A3-9474-1A3956D46DE8}") = "Discount", "Discount", "{3C04FE42-9904-BD9A-A179-E1D55B0FF4D9}"
EndProject
Project("{9A19103F-16F7-4668-BE54-9A1E7A4F7556}") = "MultiShop.Discount", "Services\Discount\MultiShop.Discount\MultiShop.Discount.csproj", "{36AAAB4E-5545-4ED8-B5DC-3D59D33773A9}"
EndProject
Project("{2150E333-8FDC-42A3-9474-1A3956D46DE8}") = "Order", "Order", "{F77FC75A-3089-4700-B6CE-AF2C753B4EFD}"
EndProject
Project("{2150E333-8FDC-42A3-9474-1A3956D46DE8}") = "Core", "Core", "{C26FE2F8-3669-408F-99A5-603E74680A22}"
EndProject
Project("{2150E333-8FDC-42A3-9474-1A3956D46DE8}") = "Infrastructure", "Infrastructure", "{6CE63A93-B3BF-40DB-BFF0-8B139A3AB2E6}"
EndProject
Project("{2150E333-8FDC-42A3-9474-1A3956D46DE8}") = "Presentation", "Presentation", "{49FAC9F0-8316-4944-B2B2-3F79CD12F2BA}"
EndProject
Project("{9A19103F-16F7-4668-BE54-9A1E7A4F7556}") = "MultiShop.Order.Domain", "Services\Order\Core\MultiShop.Order.Domain\MultiShop.Order.Domain.csproj", "{09BF9646-E28D-4ACA-B1C0-24940A7D593A}"
EndProject
Project("{9A19103F-16F7-4668-BE54-9A1E7A4F7556}") = "MultiShop.Order.Application", "Services\Order\Core\MultiShop.Order.Application\MultiShop.Order.Application.csproj", "{DC86C60D-3B95-44AF-9539-515A6EF3EB3D}"
EndProject
Project("{9A19103F-16F7-4668-BE54-9A1E7A4F7556}") = "MultiShop.Order.Persistence", "Services\Order\Infrastructure\MultiShop.Order.Persistence\MultiShop.Order.Persistence.csproj", "{805C076B-6314-4257-AAD8-C63F87FE8B82}"
EndProject
Project("{9A19103F-16F7-4668-BE54-9A1E7A4F7556}") = "MultiShop.Order.WebApi", "Services\Order\Presentation\MultiShop.Order.WebApi\MultiShop.Order.WebApi.csproj", "{C5AC393E-EABD-45B8-89CA-955348DECFB1}"
EndProject
Project("{2150E333-8FDC-42A3-9474-1A3956D46DE8}") = "IdentityServer", "IdentityServer", "{E9A9C8E9-0274-F9D7-7352-2F6A2CAEC9A3}"
EndProject
Project("{9A19103F-16F7-4668-BE54-9A1E7A4F7556}") = "MultiShop.IdentityServer", "IdentityServer\MultiShop.IdentityServer\MultiShop.IdentityServer.csproj", "{9BDB8F87-D63C-4ABA-9D5F-BF0387E3CD71}"
EndProject
Project("{2150E333-8FDC-42A3-9474-1A3956D46DE8}") = "Cargo", "Cargo", "{87851C3E-CBAB-56B9-2F7E-1EE14F181A28}"
EndProject
Project("{FAE04EC0-301F-11D3-BF4B-00C04F79EFBC}") = "MultiShop.Cargo.EntityLayer", "Services\Cargo\MultiShop.Cargo.EntityLayer\MultiShop.Cargo.EntityLayer.csproj", "{61554164-015D-4EB5-943B-8E825B79E0B5}"
EndProject
Project("{FAE04EC0-301F-11D3-BF4B-00C04F79EFBC}") = "MultiShop.Cargo.BusinessLayer", "Services\Cargo\MultiShop.Cargo.BusinessLayer\MultiShop.Cargo.BusinessLayer.csproj", "{F39AD6FC-FDFA-4648-9403-4FE92A3128B1}"
EndProject
Project("{FAE04EC0-301F-11D3-BF4B-00C04F79EFBC}") = "MultiShop.Cargo.DataAccessLayer", "Services\Cargo\MultiShop.Cargo.DataAccessLayer\MultiShop.Cargo.DataAccessLayer.csproj", "{DB0BEE31-6DBC-4191-96CA-D70D967E5B7F}"
EndProject
Project("{FAE04EC0-301F-11D3-BF4B-00C04F79EFBC}") = "MultiShop.Cargo.DtoLayer", "Services\Cargo\MultiShop.Cargo.DtoLayer\MultiShop.Cargo.DtoLayer.csproj", "{32F96E77-BA76-459E-A76A-B9034E78D235}"
EndProject
Project("{FAE04EC0-301F-11D3-BF4B-00C04F79EFBC}") = "MultiShop.Cargo.WebApi", "Services\Cargo\MultiShop.Cargo.WebApi\MultiShop.Cargo.WebApi.csproj", "{551F24DD-2C08-4393-8D79-E6E878DC4FC1}"
EndProject
Global
	GlobalSection(SolutionConfigurationPlatforms) = preSolution
		Debug|Any CPU = Debug|Any CPU
		Release|Any CPU = Release|Any CPU
	EndGlobalSection
	GlobalSection(ProjectConfigurationPlatforms) = postSolution
		{5BF5895D-28F0-45C5-A999-BC735F808FB1}.Debug|Any CPU.ActiveCfg = Debug|Any CPU
		{5BF5895D-28F0-45C5-A999-BC735F808FB1}.Debug|Any CPU.Build.0 = Debug|Any CPU
		{5BF5895D-28F0-45C5-A999-BC735F808FB1}.Release|Any CPU.ActiveCfg = Release|Any CPU
		{5BF5895D-28F0-45C5-A999-BC735F808FB1}.Release|Any CPU.Build.0 = Release|Any CPU
		{36AAAB4E-5545-4ED8-B5DC-3D59D33773A9}.Debug|Any CPU.ActiveCfg = Debug|Any CPU
		{36AAAB4E-5545-4ED8-B5DC-3D59D33773A9}.Debug|Any CPU.Build.0 = Debug|Any CPU
		{36AAAB4E-5545-4ED8-B5DC-3D59D33773A9}.Release|Any CPU.ActiveCfg = Release|Any CPU
		{36AAAB4E-5545-4ED8-B5DC-3D59D33773A9}.Release|Any CPU.Build.0 = Release|Any CPU
		{09BF9646-E28D-4ACA-B1C0-24940A7D593A}.Debug|Any CPU.ActiveCfg = Debug|Any CPU
		{09BF9646-E28D-4ACA-B1C0-24940A7D593A}.Debug|Any CPU.Build.0 = Debug|Any CPU
		{09BF9646-E28D-4ACA-B1C0-24940A7D593A}.Release|Any CPU.ActiveCfg = Release|Any CPU
		{09BF9646-E28D-4ACA-B1C0-24940A7D593A}.Release|Any CPU.Build.0 = Release|Any CPU
		{DC86C60D-3B95-44AF-9539-515A6EF3EB3D}.Debug|Any CPU.ActiveCfg = Debug|Any CPU
		{DC86C60D-3B95-44AF-9539-515A6EF3EB3D}.Debug|Any CPU.Build.0 = Debug|Any CPU
		{DC86C60D-3B95-44AF-9539-515A6EF3EB3D}.Release|Any CPU.ActiveCfg = Release|Any CPU
		{DC86C60D-3B95-44AF-9539-515A6EF3EB3D}.Release|Any CPU.Build.0 = Release|Any CPU
		{805C076B-6314-4257-AAD8-C63F87FE8B82}.Debug|Any CPU.ActiveCfg = Debug|Any CPU
		{805C076B-6314-4257-AAD8-C63F87FE8B82}.Debug|Any CPU.Build.0 = Debug|Any CPU
		{805C076B-6314-4257-AAD8-C63F87FE8B82}.Release|Any CPU.ActiveCfg = Release|Any CPU
		{805C076B-6314-4257-AAD8-C63F87FE8B82}.Release|Any CPU.Build.0 = Release|Any CPU
		{C5AC393E-EABD-45B8-89CA-955348DECFB1}.Debug|Any CPU.ActiveCfg = Debug|Any CPU
		{C5AC393E-EABD-45B8-89CA-955348DECFB1}.Debug|Any CPU.Build.0 = Debug|Any CPU
		{C5AC393E-EABD-45B8-89CA-955348DECFB1}.Release|Any CPU.ActiveCfg = Release|Any CPU
		{C5AC393E-EABD-45B8-89CA-955348DECFB1}.Release|Any CPU.Build.0 = Release|Any CPU
		{9BDB8F87-D63C-4ABA-9D5F-BF0387E3CD71}.Debug|Any CPU.ActiveCfg = Debug|Any CPU
		{9BDB8F87-D63C-4ABA-9D5F-BF0387E3CD71}.Debug|Any CPU.Build.0 = Debug|Any CPU
		{9BDB8F87-D63C-4ABA-9D5F-BF0387E3CD71}.Release|Any CPU.ActiveCfg = Release|Any CPU
		{9BDB8F87-D63C-4ABA-9D5F-BF0387E3CD71}.Release|Any CPU.Build.0 = Release|Any CPU
		{61554164-015D-4EB5-943B-8E825B79E0B5}.Debug|Any CPU.ActiveCfg = Debug|Any CPU
		{61554164-015D-4EB5-943B-8E825B79E0B5}.Debug|Any CPU.Build.0 = Debug|Any CPU
		{61554164-015D-4EB5-943B-8E825B79E0B5}.Release|Any CPU.ActiveCfg = Release|Any CPU
		{61554164-015D-4EB5-943B-8E825B79E0B5}.Release|Any CPU.Build.0 = Release|Any CPU
		{F39AD6FC-FDFA-4648-9403-4FE92A3128B1}.Debug|Any CPU.ActiveCfg = Debug|Any CPU
		{F39AD6FC-FDFA-4648-9403-4FE92A3128B1}.Debug|Any CPU.Build.0 = Debug|Any CPU
		{F39AD6FC-FDFA-4648-9403-4FE92A3128B1}.Release|Any CPU.ActiveCfg = Release|Any CPU
		{F39AD6FC-FDFA-4648-9403-4FE92A3128B1}.Release|Any CPU.Build.0 = Release|Any CPU
		{DB0BEE31-6DBC-4191-96CA-D70D967E5B7F}.Debug|Any CPU.ActiveCfg = Debug|Any CPU
		{DB0BEE31-6DBC-4191-96CA-D70D967E5B7F}.Debug|Any CPU.Build.0 = Debug|Any CPU
		{DB0BEE31-6DBC-4191-96CA-D70D967E5B7F}.Release|Any CPU.ActiveCfg = Release|Any CPU
		{DB0BEE31-6DBC-4191-96CA-D70D967E5B7F}.Release|Any CPU.Build.0 = Release|Any CPU
		{32F96E77-BA76-459E-A76A-B9034E78D235}.Debug|Any CPU.ActiveCfg = Debug|Any CPU
		{32F96E77-BA76-459E-A76A-B9034E78D235}.Debug|Any CPU.Build.0 = Debug|Any CPU
		{32F96E77-BA76-459E-A76A-B9034E78D235}.Release|Any CPU.ActiveCfg = Release|Any CPU
		{32F96E77-BA76-459E-A76A-B9034E78D235}.Release|Any CPU.Build.0 = Release|Any CPU
		{551F24DD-2C08-4393-8D79-E6E878DC4FC1}.Debug|Any CPU.ActiveCfg = Debug|Any CPU
		{551F24DD-2C08-4393-8D79-E6E878DC4FC1}.Debug|Any CPU.Build.0 = Debug|Any CPU
		{551F24DD-2C08-4393-8D79-E6E878DC4FC1}.Release|Any CPU.ActiveCfg = Release|Any CPU
		{551F24DD-2C08-4393-8D79-E6E878DC4FC1}.Release|Any CPU.Build.0 = Release|Any CPU
	EndGlobalSection
	GlobalSection(SolutionProperties) = preSolution
		HideSolutionNode = FALSE
	EndGlobalSection
	GlobalSection(NestedProjects) = preSolution
		{769DAB24-5F8F-414E-ADE7-34CD56E06F3C} = {CCD97097-075C-4A07-B2DF-44D0263C5B00}
		{5BF5895D-28F0-45C5-A999-BC735F808FB1} = {769DAB24-5F8F-414E-ADE7-34CD56E06F3C}
		{3C04FE42-9904-BD9A-A179-E1D55B0FF4D9} = {CCD97097-075C-4A07-B2DF-44D0263C5B00}
		{36AAAB4E-5545-4ED8-B5DC-3D59D33773A9} = {3C04FE42-9904-BD9A-A179-E1D55B0FF4D9}
		{F77FC75A-3089-4700-B6CE-AF2C753B4EFD} = {CCD97097-075C-4A07-B2DF-44D0263C5B00}
		{C26FE2F8-3669-408F-99A5-603E74680A22} = {F77FC75A-3089-4700-B6CE-AF2C753B4EFD}
		{6CE63A93-B3BF-40DB-BFF0-8B139A3AB2E6} = {F77FC75A-3089-4700-B6CE-AF2C753B4EFD}
		{49FAC9F0-8316-4944-B2B2-3F79CD12F2BA} = {F77FC75A-3089-4700-B6CE-AF2C753B4EFD}
		{09BF9646-E28D-4ACA-B1C0-24940A7D593A} = {C26FE2F8-3669-408F-99A5-603E74680A22}
		{DC86C60D-3B95-44AF-9539-515A6EF3EB3D} = {C26FE2F8-3669-408F-99A5-603E74680A22}
		{805C076B-6314-4257-AAD8-C63F87FE8B82} = {6CE63A93-B3BF-40DB-BFF0-8B139A3AB2E6}
		{C5AC393E-EABD-45B8-89CA-955348DECFB1} = {49FAC9F0-8316-4944-B2B2-3F79CD12F2BA}
		{9BDB8F87-D63C-4ABA-9D5F-BF0387E3CD71} = {E9A9C8E9-0274-F9D7-7352-2F6A2CAEC9A3}
		{87851C3E-CBAB-56B9-2F7E-1EE14F181A28} = {CCD97097-075C-4A07-B2DF-44D0263C5B00}
		{61554164-015D-4EB5-943B-8E825B79E0B5} = {87851C3E-CBAB-56B9-2F7E-1EE14F181A28}
		{F39AD6FC-FDFA-4648-9403-4FE92A3128B1} = {87851C3E-CBAB-56B9-2F7E-1EE14F181A28}
		{DB0BEE31-6DBC-4191-96CA-D70D967E5B7F} = {87851C3E-CBAB-56B9-2F7E-1EE14F181A28}
		{32F96E77-BA76-459E-A76A-B9034E78D235} = {87851C3E-CBAB-56B9-2F7E-1EE14F181A28}
		{551F24DD-2C08-4393-8D79-E6E878DC4FC1} = {87851C3E-CBAB-56B9-2F7E-1EE14F181A28}
	EndGlobalSection
	GlobalSection(ExtensibilityGlobals) = postSolution
		SolutionGuid = {C7A8489D-DE67-4877-A87E-53BCB6C6DEA7}
	EndGlobalSection
EndGlobal
